// !$*UTF8*$!
{
	archiveVersion = 1;
	classes = {
	};
	objectVersion = 56;
	objects = {

/* Begin PBXBuildFile section */
		D35EB8182B3E827D009986A6 /* StepQuestApp.swift in Sources */ = {isa = PBXBuildFile; fileRef = D35EB8172B3E827D009986A6 /* StepQuestApp.swift */; };
		D35EB81A2B3E827D009986A6 /* ContentView.swift in Sources */ = {isa = PBXBuildFile; fileRef = D35EB8192B3E827D009986A6 /* ContentView.swift */; };
		D35EB81C2B3E827E009986A6 /* Assets.xcassets in Resources */ = {isa = PBXBuildFile; fileRef = D35EB81B2B3E827E009986A6 /* Assets.xcassets */; };
		D35EB81F2B3E827E009986A6 /* Preview Assets.xcassets in Resources */ = {isa = PBXBuildFile; fileRef = D35EB81E2B3E827E009986A6 /* Preview Assets.xcassets */; };
		D35EB8292B3E827E009986A6 /* StepQuestTests.swift in Sources */ = {isa = PBXBuildFile; fileRef = D35EB8282B3E827E009986A6 /* StepQuestTests.swift */; };
		D35EB8332B3E827E009986A6 /* StepQuestUITests.swift in Sources */ = {isa = PBXBuildFile; fileRef = D35EB8322B3E827E009986A6 /* StepQuestUITests.swift */; };
		D35EB8352B3E827E009986A6 /* StepQuestUITestsLaunchTests.swift in Sources */ = {isa = PBXBuildFile; fileRef = D35EB8342B3E827E009986A6 /* StepQuestUITestsLaunchTests.swift */; };
		D35EB83B2B3E827E009986A6 /* StepQuest Watch App.app in Embed Watch Content */ = {isa = PBXBuildFile; fileRef = D35EB83A2B3E827E009986A6 /* StepQuest Watch App.app */; settings = {ATTRIBUTES = (RemoveHeadersOnCopy, ); }; };
		D35EB8402B3E827E009986A6 /* StepQuestApp.swift in Sources */ = {isa = PBXBuildFile; fileRef = D35EB83F2B3E827E009986A6 /* StepQuestApp.swift */; };
		D35EB8422B3E827E009986A6 /* ContentView.swift in Sources */ = {isa = PBXBuildFile; fileRef = D35EB8412B3E827E009986A6 /* ContentView.swift */; };
		D35EB8442B3E827F009986A6 /* Assets.xcassets in Resources */ = {isa = PBXBuildFile; fileRef = D35EB8432B3E827F009986A6 /* Assets.xcassets */; };
		D35EB8472B3E827F009986A6 /* Preview Assets.xcassets in Resources */ = {isa = PBXBuildFile; fileRef = D35EB8462B3E827F009986A6 /* Preview Assets.xcassets */; };
		D35EB8512B3E827F009986A6 /* StepQuest_Watch_AppTests.swift in Sources */ = {isa = PBXBuildFile; fileRef = D35EB8502B3E827F009986A6 /* StepQuest_Watch_AppTests.swift */; };
		D35EB85B2B3E827F009986A6 /* StepQuest_Watch_AppUITests.swift in Sources */ = {isa = PBXBuildFile; fileRef = D35EB85A2B3E827F009986A6 /* StepQuest_Watch_AppUITests.swift */; };
		D35EB85D2B3E827F009986A6 /* StepQuest_Watch_AppUITestsLaunchTests.swift in Sources */ = {isa = PBXBuildFile; fileRef = D35EB85C2B3E827F009986A6 /* StepQuest_Watch_AppUITestsLaunchTests.swift */; };
		D3A5D7DB2B44F6CF00C6C4CB /* WidgetKit.framework in Frameworks */ = {isa = PBXBuildFile; fileRef = D3A5D7DA2B44F6CF00C6C4CB /* WidgetKit.framework */; };
		D3A5D7DD2B44F6CF00C6C4CB /* SwiftUI.framework in Frameworks */ = {isa = PBXBuildFile; fileRef = D3A5D7DC2B44F6CF00C6C4CB /* SwiftUI.framework */; };
		D3A5D7E02B44F6CF00C6C4CB /* StepQuestWatchWidget.swift in Sources */ = {isa = PBXBuildFile; fileRef = D3A5D7DF2B44F6CF00C6C4CB /* StepQuestWatchWidget.swift */; };
		D3A5D7E22B44F6D000C6C4CB /* Assets.xcassets in Resources */ = {isa = PBXBuildFile; fileRef = D3A5D7E12B44F6D000C6C4CB /* Assets.xcassets */; };
		D3A5D7E62B44F6D000C6C4CB /* StepQuestWatchWidgetExtension.appex in Embed Foundation Extensions */ = {isa = PBXBuildFile; fileRef = D3A5D7D82B44F6CF00C6C4CB /* StepQuestWatchWidgetExtension.appex */; settings = {ATTRIBUTES = (RemoveHeadersOnCopy, ); }; };
		D3A5D7F02B44F76E00C6C4CB /* WidgetKit.framework in Frameworks */ = {isa = PBXBuildFile; fileRef = D3A5D7DA2B44F6CF00C6C4CB /* WidgetKit.framework */; };
		D3A5D7F12B44F76E00C6C4CB /* SwiftUI.framework in Frameworks */ = {isa = PBXBuildFile; fileRef = D3A5D7DC2B44F6CF00C6C4CB /* SwiftUI.framework */; };
		D3A5D7F42B44F76E00C6C4CB /* StepQuestiOSWidgetBundle.swift in Sources */ = {isa = PBXBuildFile; fileRef = D3A5D7F32B44F76E00C6C4CB /* StepQuestiOSWidgetBundle.swift */; };
		D3A5D7F62B44F76E00C6C4CB /* StepQuestiOSWidgetLiveActivity.swift in Sources */ = {isa = PBXBuildFile; fileRef = D3A5D7F52B44F76E00C6C4CB /* StepQuestiOSWidgetLiveActivity.swift */; };
		D3A5D7F82B44F76E00C6C4CB /* StepQuestiOSWidget.swift in Sources */ = {isa = PBXBuildFile; fileRef = D3A5D7F72B44F76E00C6C4CB /* StepQuestiOSWidget.swift */; };
		D3A5D7FA2B44F76F00C6C4CB /* Assets.xcassets in Resources */ = {isa = PBXBuildFile; fileRef = D3A5D7F92B44F76F00C6C4CB /* Assets.xcassets */; };
		D3A5D7FE2B44F76F00C6C4CB /* StepQuestiOSWidgetExtension.appex in Embed Foundation Extensions */ = {isa = PBXBuildFile; fileRef = D3A5D7EF2B44F76E00C6C4CB /* StepQuestiOSWidgetExtension.appex */; settings = {ATTRIBUTES = (RemoveHeadersOnCopy, ); }; };
/* End PBXBuildFile section */

/* Begin PBXContainerItemProxy section */
		D35EB8252B3E827E009986A6 /* PBXContainerItemProxy */ = {
			isa = PBXContainerItemProxy;
			containerPortal = D35EB80C2B3E827D009986A6 /* Project object */;
			proxyType = 1;
			remoteGlobalIDString = D35EB8132B3E827D009986A6;
			remoteInfo = StepQuest;
		};
		D35EB82F2B3E827E009986A6 /* PBXContainerItemProxy */ = {
			isa = PBXContainerItemProxy;
			containerPortal = D35EB80C2B3E827D009986A6 /* Project object */;
			proxyType = 1;
			remoteGlobalIDString = D35EB8132B3E827D009986A6;
			remoteInfo = StepQuest;
		};
		D35EB83C2B3E827E009986A6 /* PBXContainerItemProxy */ = {
			isa = PBXContainerItemProxy;
			containerPortal = D35EB80C2B3E827D009986A6 /* Project object */;
			proxyType = 1;
			remoteGlobalIDString = D35EB8392B3E827E009986A6;
			remoteInfo = "StepQuest Watch App";
		};
		D35EB84D2B3E827F009986A6 /* PBXContainerItemProxy */ = {
			isa = PBXContainerItemProxy;
			containerPortal = D35EB80C2B3E827D009986A6 /* Project object */;
			proxyType = 1;
			remoteGlobalIDString = D35EB8392B3E827E009986A6;
			remoteInfo = "StepQuest Watch App";
		};
		D35EB8572B3E827F009986A6 /* PBXContainerItemProxy */ = {
			isa = PBXContainerItemProxy;
			containerPortal = D35EB80C2B3E827D009986A6 /* Project object */;
			proxyType = 1;
			remoteGlobalIDString = D35EB8392B3E827E009986A6;
			remoteInfo = "StepQuest Watch App";
		};
		D3A5D7E42B44F6D000C6C4CB /* PBXContainerItemProxy */ = {
			isa = PBXContainerItemProxy;
			containerPortal = D35EB80C2B3E827D009986A6 /* Project object */;
			proxyType = 1;
			remoteGlobalIDString = D3A5D7D72B44F6CF00C6C4CB;
			remoteInfo = StepQuestWatchWidgetExtension;
		};
		D3A5D7FC2B44F76F00C6C4CB /* PBXContainerItemProxy */ = {
			isa = PBXContainerItemProxy;
			containerPortal = D35EB80C2B3E827D009986A6 /* Project object */;
			proxyType = 1;
			remoteGlobalIDString = D3A5D7EE2B44F76E00C6C4CB;
			remoteInfo = StepQuestiOSWidgetExtension;
		};
/* End PBXContainerItemProxy section */

/* Begin PBXCopyFilesBuildPhase section */
		D35EB8632B3E827F009986A6 /* Embed Watch Content */ = {
			isa = PBXCopyFilesBuildPhase;
			buildActionMask = 2147483647;
			dstPath = "$(CONTENTS_FOLDER_PATH)/Watch";
			dstSubfolderSpec = 16;
			files = (
				D35EB83B2B3E827E009986A6 /* StepQuest Watch App.app in Embed Watch Content */,
			);
			name = "Embed Watch Content";
			runOnlyForDeploymentPostprocessing = 0;
		};
		D3A5D7E72B44F6D000C6C4CB /* Embed Foundation Extensions */ = {
			isa = PBXCopyFilesBuildPhase;
			buildActionMask = 2147483647;
			dstPath = "";
			dstSubfolderSpec = 13;
			files = (
				D3A5D7E62B44F6D000C6C4CB /* StepQuestWatchWidgetExtension.appex in Embed Foundation Extensions */,
			);
			name = "Embed Foundation Extensions";
			runOnlyForDeploymentPostprocessing = 0;
		};
		D3A5D8022B44F76F00C6C4CB /* Embed Foundation Extensions */ = {
			isa = PBXCopyFilesBuildPhase;
			buildActionMask = 2147483647;
			dstPath = "";
			dstSubfolderSpec = 13;
			files = (
				D3A5D7FE2B44F76F00C6C4CB /* StepQuestiOSWidgetExtension.appex in Embed Foundation Extensions */,
			);
			name = "Embed Foundation Extensions";
			runOnlyForDeploymentPostprocessing = 0;
		};
/* End PBXCopyFilesBuildPhase section */

/* Begin PBXFileReference section */
		D320F2882B47BA9A004BE54E /* StepQuestWatchWidgetExtension.entitlements */ = {isa = PBXFileReference; lastKnownFileType = text.plist.entitlements; path = StepQuestWatchWidgetExtension.entitlements; sourceTree = "<group>"; };
		D35EB8142B3E827D009986A6 /* StepQuest.app */ = {isa = PBXFileReference; explicitFileType = wrapper.application; includeInIndex = 0; path = StepQuest.app; sourceTree = BUILT_PRODUCTS_DIR; };
		D35EB8172B3E827D009986A6 /* StepQuestApp.swift */ = {isa = PBXFileReference; lastKnownFileType = sourcecode.swift; path = StepQuestApp.swift; sourceTree = "<group>"; };
		D35EB8192B3E827D009986A6 /* ContentView.swift */ = {isa = PBXFileReference; lastKnownFileType = sourcecode.swift; path = ContentView.swift; sourceTree = "<group>"; };
		D35EB81B2B3E827E009986A6 /* Assets.xcassets */ = {isa = PBXFileReference; lastKnownFileType = folder.assetcatalog; path = Assets.xcassets; sourceTree = "<group>"; };
		D35EB81E2B3E827E009986A6 /* Preview Assets.xcassets */ = {isa = PBXFileReference; lastKnownFileType = folder.assetcatalog; path = "Preview Assets.xcassets"; sourceTree = "<group>"; };
		D35EB8242B3E827E009986A6 /* StepQuestTests.xctest */ = {isa = PBXFileReference; explicitFileType = wrapper.cfbundle; includeInIndex = 0; path = StepQuestTests.xctest; sourceTree = BUILT_PRODUCTS_DIR; };
		D35EB8282B3E827E009986A6 /* StepQuestTests.swift */ = {isa = PBXFileReference; lastKnownFileType = sourcecode.swift; path = StepQuestTests.swift; sourceTree = "<group>"; };
		D35EB82E2B3E827E009986A6 /* StepQuestUITests.xctest */ = {isa = PBXFileReference; explicitFileType = wrapper.cfbundle; includeInIndex = 0; path = StepQuestUITests.xctest; sourceTree = BUILT_PRODUCTS_DIR; };
		D35EB8322B3E827E009986A6 /* StepQuestUITests.swift */ = {isa = PBXFileReference; lastKnownFileType = sourcecode.swift; path = StepQuestUITests.swift; sourceTree = "<group>"; };
		D35EB8342B3E827E009986A6 /* StepQuestUITestsLaunchTests.swift */ = {isa = PBXFileReference; lastKnownFileType = sourcecode.swift; path = StepQuestUITestsLaunchTests.swift; sourceTree = "<group>"; };
		D35EB83A2B3E827E009986A6 /* StepQuest Watch App.app */ = {isa = PBXFileReference; explicitFileType = wrapper.application; includeInIndex = 0; path = "StepQuest Watch App.app"; sourceTree = BUILT_PRODUCTS_DIR; };
		D35EB83F2B3E827E009986A6 /* StepQuestApp.swift */ = {isa = PBXFileReference; lastKnownFileType = sourcecode.swift; path = StepQuestApp.swift; sourceTree = "<group>"; };
		D35EB8412B3E827E009986A6 /* ContentView.swift */ = {isa = PBXFileReference; lastKnownFileType = sourcecode.swift; path = ContentView.swift; sourceTree = "<group>"; };
		D35EB8432B3E827F009986A6 /* Assets.xcassets */ = {isa = PBXFileReference; lastKnownFileType = folder.assetcatalog; path = Assets.xcassets; sourceTree = "<group>"; };
		D35EB8462B3E827F009986A6 /* Preview Assets.xcassets */ = {isa = PBXFileReference; lastKnownFileType = folder.assetcatalog; path = "Preview Assets.xcassets"; sourceTree = "<group>"; };
		D35EB84C2B3E827F009986A6 /* StepQuest Watch AppTests.xctest */ = {isa = PBXFileReference; explicitFileType = wrapper.cfbundle; includeInIndex = 0; path = "StepQuest Watch AppTests.xctest"; sourceTree = BUILT_PRODUCTS_DIR; };
		D35EB8502B3E827F009986A6 /* StepQuest_Watch_AppTests.swift */ = {isa = PBXFileReference; lastKnownFileType = sourcecode.swift; path = StepQuest_Watch_AppTests.swift; sourceTree = "<group>"; };
		D35EB8562B3E827F009986A6 /* StepQuest Watch AppUITests.xctest */ = {isa = PBXFileReference; explicitFileType = wrapper.cfbundle; includeInIndex = 0; path = "StepQuest Watch AppUITests.xctest"; sourceTree = BUILT_PRODUCTS_DIR; };
		D35EB85A2B3E827F009986A6 /* StepQuest_Watch_AppUITests.swift */ = {isa = PBXFileReference; lastKnownFileType = sourcecode.swift; path = StepQuest_Watch_AppUITests.swift; sourceTree = "<group>"; };
		D35EB85C2B3E827F009986A6 /* StepQuest_Watch_AppUITestsLaunchTests.swift */ = {isa = PBXFileReference; lastKnownFileType = sourcecode.swift; path = StepQuest_Watch_AppUITestsLaunchTests.swift; sourceTree = "<group>"; };
		D35EB8732B3F0C29009986A6 /* StepQuest.entitlements */ = {isa = PBXFileReference; lastKnownFileType = text.plist.entitlements; path = StepQuest.entitlements; sourceTree = "<group>"; };
		D35EB8742B3F0C3C009986A6 /* Info.plist */ = {isa = PBXFileReference; lastKnownFileType = text.plist; path = Info.plist; sourceTree = "<group>"; };
		D3A5D7D82B44F6CF00C6C4CB /* StepQuestWatchWidgetExtension.appex */ = {isa = PBXFileReference; explicitFileType = "wrapper.app-extension"; includeInIndex = 0; path = StepQuestWatchWidgetExtension.appex; sourceTree = BUILT_PRODUCTS_DIR; };
		D3A5D7DA2B44F6CF00C6C4CB /* WidgetKit.framework */ = {isa = PBXFileReference; lastKnownFileType = wrapper.framework; name = WidgetKit.framework; path = System/Library/Frameworks/WidgetKit.framework; sourceTree = SDKROOT; };
		D3A5D7DC2B44F6CF00C6C4CB /* SwiftUI.framework */ = {isa = PBXFileReference; lastKnownFileType = wrapper.framework; name = SwiftUI.framework; path = System/Library/Frameworks/SwiftUI.framework; sourceTree = SDKROOT; };
		D3A5D7DF2B44F6CF00C6C4CB /* StepQuestWatchWidget.swift */ = {isa = PBXFileReference; lastKnownFileType = sourcecode.swift; path = StepQuestWatchWidget.swift; sourceTree = "<group>"; };
		D3A5D7E12B44F6D000C6C4CB /* Assets.xcassets */ = {isa = PBXFileReference; lastKnownFileType = folder.assetcatalog; path = Assets.xcassets; sourceTree = "<group>"; };
		D3A5D7E32B44F6D000C6C4CB /* Info.plist */ = {isa = PBXFileReference; lastKnownFileType = text.plist.xml; path = Info.plist; sourceTree = "<group>"; };
		D3A5D7EF2B44F76E00C6C4CB /* StepQuestiOSWidgetExtension.appex */ = {isa = PBXFileReference; explicitFileType = "wrapper.app-extension"; includeInIndex = 0; path = StepQuestiOSWidgetExtension.appex; sourceTree = BUILT_PRODUCTS_DIR; };
		D3A5D7F32B44F76E00C6C4CB /* StepQuestiOSWidgetBundle.swift */ = {isa = PBXFileReference; lastKnownFileType = sourcecode.swift; path = StepQuestiOSWidgetBundle.swift; sourceTree = "<group>"; };
		D3A5D7F52B44F76E00C6C4CB /* StepQuestiOSWidgetLiveActivity.swift */ = {isa = PBXFileReference; lastKnownFileType = sourcecode.swift; path = StepQuestiOSWidgetLiveActivity.swift; sourceTree = "<group>"; };
		D3A5D7F72B44F76E00C6C4CB /* StepQuestiOSWidget.swift */ = {isa = PBXFileReference; lastKnownFileType = sourcecode.swift; path = StepQuestiOSWidget.swift; sourceTree = "<group>"; };
		D3A5D7F92B44F76F00C6C4CB /* Assets.xcassets */ = {isa = PBXFileReference; lastKnownFileType = folder.assetcatalog; path = Assets.xcassets; sourceTree = "<group>"; };
		D3A5D7FB2B44F76F00C6C4CB /* Info.plist */ = {isa = PBXFileReference; lastKnownFileType = text.plist.xml; path = Info.plist; sourceTree = "<group>"; };
		D3A5D8032B44F8A700C6C4CB /* StepQuest Watch App.entitlements */ = {isa = PBXFileReference; lastKnownFileType = text.plist.entitlements; path = "StepQuest Watch App.entitlements"; sourceTree = "<group>"; };
/* End PBXFileReference section */

/* Begin PBXFrameworksBuildPhase section */
		D35EB8112B3E827D009986A6 /* Frameworks */ = {
			isa = PBXFrameworksBuildPhase;
			buildActionMask = 2147483647;
			files = (
			);
			runOnlyForDeploymentPostprocessing = 0;
		};
		D35EB8212B3E827E009986A6 /* Frameworks */ = {
			isa = PBXFrameworksBuildPhase;
			buildActionMask = 2147483647;
			files = (
			);
			runOnlyForDeploymentPostprocessing = 0;
		};
		D35EB82B2B3E827E009986A6 /* Frameworks */ = {
			isa = PBXFrameworksBuildPhase;
			buildActionMask = 2147483647;
			files = (
			);
			runOnlyForDeploymentPostprocessing = 0;
		};
		D35EB8372B3E827E009986A6 /* Frameworks */ = {
			isa = PBXFrameworksBuildPhase;
			buildActionMask = 2147483647;
			files = (
			);
			runOnlyForDeploymentPostprocessing = 0;
		};
		D35EB8492B3E827F009986A6 /* Frameworks */ = {
			isa = PBXFrameworksBuildPhase;
			buildActionMask = 2147483647;
			files = (
			);
			runOnlyForDeploymentPostprocessing = 0;
		};
		D35EB8532B3E827F009986A6 /* Frameworks */ = {
			isa = PBXFrameworksBuildPhase;
			buildActionMask = 2147483647;
			files = (
			);
			runOnlyForDeploymentPostprocessing = 0;
		};
		D3A5D7D52B44F6CF00C6C4CB /* Frameworks */ = {
			isa = PBXFrameworksBuildPhase;
			buildActionMask = 2147483647;
			files = (
				D3A5D7DD2B44F6CF00C6C4CB /* SwiftUI.framework in Frameworks */,
				D3A5D7DB2B44F6CF00C6C4CB /* WidgetKit.framework in Frameworks */,
			);
			runOnlyForDeploymentPostprocessing = 0;
		};
		D3A5D7EC2B44F76E00C6C4CB /* Frameworks */ = {
			isa = PBXFrameworksBuildPhase;
			buildActionMask = 2147483647;
			files = (
				D3A5D7F12B44F76E00C6C4CB /* SwiftUI.framework in Frameworks */,
				D3A5D7F02B44F76E00C6C4CB /* WidgetKit.framework in Frameworks */,
			);
			runOnlyForDeploymentPostprocessing = 0;
		};
/* End PBXFrameworksBuildPhase section */

/* Begin PBXGroup section */
		D35EB80B2B3E827D009986A6 = {
			isa = PBXGroup;
			children = (
				D320F2882B47BA9A004BE54E /* StepQuestWatchWidgetExtension.entitlements */,
				D35EB8162B3E827D009986A6 /* StepQuest */,
				D35EB8272B3E827E009986A6 /* StepQuestTests */,
				D35EB8312B3E827E009986A6 /* StepQuestUITests */,
				D35EB83E2B3E827E009986A6 /* StepQuest Watch App */,
				D35EB84F2B3E827F009986A6 /* StepQuest Watch AppTests */,
				D35EB8592B3E827F009986A6 /* StepQuest Watch AppUITests */,
				D3A5D7DE2B44F6CF00C6C4CB /* StepQuestWatchWidget */,
				D3A5D7F22B44F76E00C6C4CB /* StepQuestiOSWidget */,
				D3A5D7D92B44F6CF00C6C4CB /* Frameworks */,
				D35EB8152B3E827D009986A6 /* Products */,
			);
			sourceTree = "<group>";
		};
		D35EB8152B3E827D009986A6 /* Products */ = {
			isa = PBXGroup;
			children = (
				D35EB8142B3E827D009986A6 /* StepQuest.app */,
				D35EB8242B3E827E009986A6 /* StepQuestTests.xctest */,
				D35EB82E2B3E827E009986A6 /* StepQuestUITests.xctest */,
				D35EB83A2B3E827E009986A6 /* StepQuest Watch App.app */,
				D35EB84C2B3E827F009986A6 /* StepQuest Watch AppTests.xctest */,
				D35EB8562B3E827F009986A6 /* StepQuest Watch AppUITests.xctest */,
				D3A5D7D82B44F6CF00C6C4CB /* StepQuestWatchWidgetExtension.appex */,
				D3A5D7EF2B44F76E00C6C4CB /* StepQuestiOSWidgetExtension.appex */,
			);
			name = Products;
			sourceTree = "<group>";
		};
		D35EB8162B3E827D009986A6 /* StepQuest */ = {
			isa = PBXGroup;
			children = (
				D35EB8742B3F0C3C009986A6 /* Info.plist */,
				D35EB8732B3F0C29009986A6 /* StepQuest.entitlements */,
				D35EB8172B3E827D009986A6 /* StepQuestApp.swift */,
				D35EB8192B3E827D009986A6 /* ContentView.swift */,
				D35EB81B2B3E827E009986A6 /* Assets.xcassets */,
				D35EB81D2B3E827E009986A6 /* Preview Content */,
			);
			path = StepQuest;
			sourceTree = "<group>";
		};
		D35EB81D2B3E827E009986A6 /* Preview Content */ = {
			isa = PBXGroup;
			children = (
				D35EB81E2B3E827E009986A6 /* Preview Assets.xcassets */,
			);
			path = "Preview Content";
			sourceTree = "<group>";
		};
		D35EB8272B3E827E009986A6 /* StepQuestTests */ = {
			isa = PBXGroup;
			children = (
				D35EB8282B3E827E009986A6 /* StepQuestTests.swift */,
			);
			path = StepQuestTests;
			sourceTree = "<group>";
		};
		D35EB8312B3E827E009986A6 /* StepQuestUITests */ = {
			isa = PBXGroup;
			children = (
				D35EB8322B3E827E009986A6 /* StepQuestUITests.swift */,
				D35EB8342B3E827E009986A6 /* StepQuestUITestsLaunchTests.swift */,
			);
			path = StepQuestUITests;
			sourceTree = "<group>";
		};
		D35EB83E2B3E827E009986A6 /* StepQuest Watch App */ = {
			isa = PBXGroup;
			children = (
				D3A5D8032B44F8A700C6C4CB /* StepQuest Watch App.entitlements */,
				D35EB83F2B3E827E009986A6 /* StepQuestApp.swift */,
				D35EB8412B3E827E009986A6 /* ContentView.swift */,
				D35EB8432B3E827F009986A6 /* Assets.xcassets */,
				D35EB8452B3E827F009986A6 /* Preview Content */,
			);
			path = "StepQuest Watch App";
			sourceTree = "<group>";
		};
		D35EB8452B3E827F009986A6 /* Preview Content */ = {
			isa = PBXGroup;
			children = (
				D35EB8462B3E827F009986A6 /* Preview Assets.xcassets */,
			);
			path = "Preview Content";
			sourceTree = "<group>";
		};
		D35EB84F2B3E827F009986A6 /* StepQuest Watch AppTests */ = {
			isa = PBXGroup;
			children = (
				D35EB8502B3E827F009986A6 /* StepQuest_Watch_AppTests.swift */,
			);
			path = "StepQuest Watch AppTests";
			sourceTree = "<group>";
		};
		D35EB8592B3E827F009986A6 /* StepQuest Watch AppUITests */ = {
			isa = PBXGroup;
			children = (
				D35EB85A2B3E827F009986A6 /* StepQuest_Watch_AppUITests.swift */,
				D35EB85C2B3E827F009986A6 /* StepQuest_Watch_AppUITestsLaunchTests.swift */,
			);
			path = "StepQuest Watch AppUITests";
			sourceTree = "<group>";
		};
		D3A5D7D92B44F6CF00C6C4CB /* Frameworks */ = {
			isa = PBXGroup;
			children = (
				D3A5D7DA2B44F6CF00C6C4CB /* WidgetKit.framework */,
				D3A5D7DC2B44F6CF00C6C4CB /* SwiftUI.framework */,
			);
			name = Frameworks;
			sourceTree = "<group>";
		};
		D3A5D7DE2B44F6CF00C6C4CB /* StepQuestWatchWidget */ = {
			isa = PBXGroup;
			children = (
				D3A5D7DF2B44F6CF00C6C4CB /* StepQuestWatchWidget.swift */,
				D3A5D7E12B44F6D000C6C4CB /* Assets.xcassets */,
				D3A5D7E32B44F6D000C6C4CB /* Info.plist */,
			);
			path = StepQuestWatchWidget;
			sourceTree = "<group>";
		};
		D3A5D7F22B44F76E00C6C4CB /* StepQuestiOSWidget */ = {
			isa = PBXGroup;
			children = (
				D3A5D7F32B44F76E00C6C4CB /* StepQuestiOSWidgetBundle.swift */,
				D3A5D7F52B44F76E00C6C4CB /* StepQuestiOSWidgetLiveActivity.swift */,
				D3A5D7F72B44F76E00C6C4CB /* StepQuestiOSWidget.swift */,
				D3A5D7F92B44F76F00C6C4CB /* Assets.xcassets */,
				D3A5D7FB2B44F76F00C6C4CB /* Info.plist */,
			);
			path = StepQuestiOSWidget;
			sourceTree = "<group>";
		};
/* End PBXGroup section */

/* Begin PBXNativeTarget section */
		D35EB8132B3E827D009986A6 /* StepQuest */ = {
			isa = PBXNativeTarget;
			buildConfigurationList = D35EB8642B3E827F009986A6 /* Build configuration list for PBXNativeTarget "StepQuest" */;
			buildPhases = (
				D35EB8102B3E827D009986A6 /* Sources */,
				D35EB8112B3E827D009986A6 /* Frameworks */,
				D35EB8122B3E827D009986A6 /* Resources */,
				D35EB8632B3E827F009986A6 /* Embed Watch Content */,
				D3A5D8022B44F76F00C6C4CB /* Embed Foundation Extensions */,
			);
			buildRules = (
			);
			dependencies = (
				D35EB83D2B3E827E009986A6 /* PBXTargetDependency */,
				D3A5D7FD2B44F76F00C6C4CB /* PBXTargetDependency */,
			);
			name = StepQuest;
			productName = StepQuest;
			productReference = D35EB8142B3E827D009986A6 /* StepQuest.app */;
			productType = "com.apple.product-type.application";
		};
		D35EB8232B3E827E009986A6 /* StepQuestTests */ = {
			isa = PBXNativeTarget;
			buildConfigurationList = D35EB8672B3E827F009986A6 /* Build configuration list for PBXNativeTarget "StepQuestTests" */;
			buildPhases = (
				D35EB8202B3E827E009986A6 /* Sources */,
				D35EB8212B3E827E009986A6 /* Frameworks */,
				D35EB8222B3E827E009986A6 /* Resources */,
			);
			buildRules = (
			);
			dependencies = (
				D35EB8262B3E827E009986A6 /* PBXTargetDependency */,
			);
			name = StepQuestTests;
			productName = StepQuestTests;
			productReference = D35EB8242B3E827E009986A6 /* StepQuestTests.xctest */;
			productType = "com.apple.product-type.bundle.unit-test";
		};
		D35EB82D2B3E827E009986A6 /* StepQuestUITests */ = {
			isa = PBXNativeTarget;
			buildConfigurationList = D35EB86A2B3E827F009986A6 /* Build configuration list for PBXNativeTarget "StepQuestUITests" */;
			buildPhases = (
				D35EB82A2B3E827E009986A6 /* Sources */,
				D35EB82B2B3E827E009986A6 /* Frameworks */,
				D35EB82C2B3E827E009986A6 /* Resources */,
			);
			buildRules = (
			);
			dependencies = (
				D35EB8302B3E827E009986A6 /* PBXTargetDependency */,
			);
			name = StepQuestUITests;
			productName = StepQuestUITests;
			productReference = D35EB82E2B3E827E009986A6 /* StepQuestUITests.xctest */;
			productType = "com.apple.product-type.bundle.ui-testing";
		};
		D35EB8392B3E827E009986A6 /* StepQuest Watch App */ = {
			isa = PBXNativeTarget;
			buildConfigurationList = D35EB8602B3E827F009986A6 /* Build configuration list for PBXNativeTarget "StepQuest Watch App" */;
			buildPhases = (
				D35EB8362B3E827E009986A6 /* Sources */,
				D35EB8372B3E827E009986A6 /* Frameworks */,
				D35EB8382B3E827E009986A6 /* Resources */,
				D3A5D7E72B44F6D000C6C4CB /* Embed Foundation Extensions */,
			);
			buildRules = (
			);
			dependencies = (
				D3A5D7E52B44F6D000C6C4CB /* PBXTargetDependency */,
			);
			name = "StepQuest Watch App";
			productName = "StepQuest Watch App";
			productReference = D35EB83A2B3E827E009986A6 /* StepQuest Watch App.app */;
			productType = "com.apple.product-type.application";
		};
		D35EB84B2B3E827F009986A6 /* StepQuest Watch AppTests */ = {
			isa = PBXNativeTarget;
			buildConfigurationList = D35EB86D2B3E827F009986A6 /* Build configuration list for PBXNativeTarget "StepQuest Watch AppTests" */;
			buildPhases = (
				D35EB8482B3E827F009986A6 /* Sources */,
				D35EB8492B3E827F009986A6 /* Frameworks */,
				D35EB84A2B3E827F009986A6 /* Resources */,
			);
			buildRules = (
			);
			dependencies = (
				D35EB84E2B3E827F009986A6 /* PBXTargetDependency */,
			);
			name = "StepQuest Watch AppTests";
			productName = "StepQuest Watch AppTests";
			productReference = D35EB84C2B3E827F009986A6 /* StepQuest Watch AppTests.xctest */;
			productType = "com.apple.product-type.bundle.unit-test";
		};
		D35EB8552B3E827F009986A6 /* StepQuest Watch AppUITests */ = {
			isa = PBXNativeTarget;
			buildConfigurationList = D35EB8702B3E827F009986A6 /* Build configuration list for PBXNativeTarget "StepQuest Watch AppUITests" */;
			buildPhases = (
				D35EB8522B3E827F009986A6 /* Sources */,
				D35EB8532B3E827F009986A6 /* Frameworks */,
				D35EB8542B3E827F009986A6 /* Resources */,
			);
			buildRules = (
			);
			dependencies = (
				D35EB8582B3E827F009986A6 /* PBXTargetDependency */,
			);
			name = "StepQuest Watch AppUITests";
			productName = "StepQuest Watch AppUITests";
			productReference = D35EB8562B3E827F009986A6 /* StepQuest Watch AppUITests.xctest */;
			productType = "com.apple.product-type.bundle.ui-testing";
		};
		D3A5D7D72B44F6CF00C6C4CB /* StepQuestWatchWidgetExtension */ = {
			isa = PBXNativeTarget;
			buildConfigurationList = D3A5D7EA2B44F6D000C6C4CB /* Build configuration list for PBXNativeTarget "StepQuestWatchWidgetExtension" */;
			buildPhases = (
				D3A5D7D42B44F6CF00C6C4CB /* Sources */,
				D3A5D7D52B44F6CF00C6C4CB /* Frameworks */,
				D3A5D7D62B44F6CF00C6C4CB /* Resources */,
			);
			buildRules = (
			);
			dependencies = (
			);
			name = StepQuestWatchWidgetExtension;
			productName = StepQuestWatchWidgetExtension;
			productReference = D3A5D7D82B44F6CF00C6C4CB /* StepQuestWatchWidgetExtension.appex */;
			productType = "com.apple.product-type.app-extension";
		};
		D3A5D7EE2B44F76E00C6C4CB /* StepQuestiOSWidgetExtension */ = {
			isa = PBXNativeTarget;
			buildConfigurationList = D3A5D7FF2B44F76F00C6C4CB /* Build configuration list for PBXNativeTarget "StepQuestiOSWidgetExtension" */;
			buildPhases = (
				D3A5D7EB2B44F76E00C6C4CB /* Sources */,
				D3A5D7EC2B44F76E00C6C4CB /* Frameworks */,
				D3A5D7ED2B44F76E00C6C4CB /* Resources */,
			);
			buildRules = (
			);
			dependencies = (
			);
			name = StepQuestiOSWidgetExtension;
			productName = StepQuestiOSWidgetExtension;
			productReference = D3A5D7EF2B44F76E00C6C4CB /* StepQuestiOSWidgetExtension.appex */;
			productType = "com.apple.product-type.app-extension";
		};
/* End PBXNativeTarget section */

/* Begin PBXProject section */
		D35EB80C2B3E827D009986A6 /* Project object */ = {
			isa = PBXProject;
			attributes = {
				BuildIndependentTargetsInParallel = 1;
				LastSwiftUpdateCheck = 1510;
				LastUpgradeCheck = 1510;
				TargetAttributes = {
					D35EB8132B3E827D009986A6 = {
						CreatedOnToolsVersion = 15.1;
					};
					D35EB8232B3E827E009986A6 = {
						CreatedOnToolsVersion = 15.1;
						TestTargetID = D35EB8132B3E827D009986A6;
					};
					D35EB82D2B3E827E009986A6 = {
						CreatedOnToolsVersion = 15.1;
						TestTargetID = D35EB8132B3E827D009986A6;
					};
					D35EB8392B3E827E009986A6 = {
						CreatedOnToolsVersion = 15.1;
					};
					D35EB84B2B3E827F009986A6 = {
						CreatedOnToolsVersion = 15.1;
						TestTargetID = D35EB8392B3E827E009986A6;
					};
					D35EB8552B3E827F009986A6 = {
						CreatedOnToolsVersion = 15.1;
						TestTargetID = D35EB8392B3E827E009986A6;
					};
					D3A5D7D72B44F6CF00C6C4CB = {
						CreatedOnToolsVersion = 15.1;
					};
					D3A5D7EE2B44F76E00C6C4CB = {
						CreatedOnToolsVersion = 15.1;
					};
				};
			};
			buildConfigurationList = D35EB80F2B3E827D009986A6 /* Build configuration list for PBXProject "StepQuest" */;
			compatibilityVersion = "Xcode 14.0";
			developmentRegion = en;
			hasScannedForEncodings = 0;
			knownRegions = (
				en,
				Base,
			);
			mainGroup = D35EB80B2B3E827D009986A6;
			productRefGroup = D35EB8152B3E827D009986A6 /* Products */;
			projectDirPath = "";
			projectRoot = "";
			targets = (
				D35EB8132B3E827D009986A6 /* StepQuest */,
				D35EB8232B3E827E009986A6 /* StepQuestTests */,
				D35EB82D2B3E827E009986A6 /* StepQuestUITests */,
				D35EB8392B3E827E009986A6 /* StepQuest Watch App */,
				D35EB84B2B3E827F009986A6 /* StepQuest Watch AppTests */,
				D35EB8552B3E827F009986A6 /* StepQuest Watch AppUITests */,
				D3A5D7D72B44F6CF00C6C4CB /* StepQuestWatchWidgetExtension */,
				D3A5D7EE2B44F76E00C6C4CB /* StepQuestiOSWidgetExtension */,
			);
		};
/* End PBXProject section */

/* Begin PBXResourcesBuildPhase section */
		D35EB8122B3E827D009986A6 /* Resources */ = {
			isa = PBXResourcesBuildPhase;
			buildActionMask = 2147483647;
			files = (
				D35EB81F2B3E827E009986A6 /* Preview Assets.xcassets in Resources */,
				D35EB81C2B3E827E009986A6 /* Assets.xcassets in Resources */,
			);
			runOnlyForDeploymentPostprocessing = 0;
		};
		D35EB8222B3E827E009986A6 /* Resources */ = {
			isa = PBXResourcesBuildPhase;
			buildActionMask = 2147483647;
			files = (
			);
			runOnlyForDeploymentPostprocessing = 0;
		};
		D35EB82C2B3E827E009986A6 /* Resources */ = {
			isa = PBXResourcesBuildPhase;
			buildActionMask = 2147483647;
			files = (
			);
			runOnlyForDeploymentPostprocessing = 0;
		};
		D35EB8382B3E827E009986A6 /* Resources */ = {
			isa = PBXResourcesBuildPhase;
			buildActionMask = 2147483647;
			files = (
				D35EB8472B3E827F009986A6 /* Preview Assets.xcassets in Resources */,
				D35EB8442B3E827F009986A6 /* Assets.xcassets in Resources */,
			);
			runOnlyForDeploymentPostprocessing = 0;
		};
		D35EB84A2B3E827F009986A6 /* Resources */ = {
			isa = PBXResourcesBuildPhase;
			buildActionMask = 2147483647;
			files = (
			);
			runOnlyForDeploymentPostprocessing = 0;
		};
		D35EB8542B3E827F009986A6 /* Resources */ = {
			isa = PBXResourcesBuildPhase;
			buildActionMask = 2147483647;
			files = (
			);
			runOnlyForDeploymentPostprocessing = 0;
		};
		D3A5D7D62B44F6CF00C6C4CB /* Resources */ = {
			isa = PBXResourcesBuildPhase;
			buildActionMask = 2147483647;
			files = (
				D3A5D7E22B44F6D000C6C4CB /* Assets.xcassets in Resources */,
			);
			runOnlyForDeploymentPostprocessing = 0;
		};
		D3A5D7ED2B44F76E00C6C4CB /* Resources */ = {
			isa = PBXResourcesBuildPhase;
			buildActionMask = 2147483647;
			files = (
				D3A5D7FA2B44F76F00C6C4CB /* Assets.xcassets in Resources */,
			);
			runOnlyForDeploymentPostprocessing = 0;
		};
/* End PBXResourcesBuildPhase section */

/* Begin PBXSourcesBuildPhase section */
		D35EB8102B3E827D009986A6 /* Sources */ = {
			isa = PBXSourcesBuildPhase;
			buildActionMask = 2147483647;
			files = (
				D35EB81A2B3E827D009986A6 /* ContentView.swift in Sources */,
				D35EB8182B3E827D009986A6 /* StepQuestApp.swift in Sources */,
			);
			runOnlyForDeploymentPostprocessing = 0;
		};
		D35EB8202B3E827E009986A6 /* Sources */ = {
			isa = PBXSourcesBuildPhase;
			buildActionMask = 2147483647;
			files = (
				D35EB8292B3E827E009986A6 /* StepQuestTests.swift in Sources */,
			);
			runOnlyForDeploymentPostprocessing = 0;
		};
		D35EB82A2B3E827E009986A6 /* Sources */ = {
			isa = PBXSourcesBuildPhase;
			buildActionMask = 2147483647;
			files = (
				D35EB8332B3E827E009986A6 /* StepQuestUITests.swift in Sources */,
				D35EB8352B3E827E009986A6 /* StepQuestUITestsLaunchTests.swift in Sources */,
			);
			runOnlyForDeploymentPostprocessing = 0;
		};
		D35EB8362B3E827E009986A6 /* Sources */ = {
			isa = PBXSourcesBuildPhase;
			buildActionMask = 2147483647;
			files = (
				D35EB8422B3E827E009986A6 /* ContentView.swift in Sources */,
				D35EB8402B3E827E009986A6 /* StepQuestApp.swift in Sources */,
			);
			runOnlyForDeploymentPostprocessing = 0;
		};
		D35EB8482B3E827F009986A6 /* Sources */ = {
			isa = PBXSourcesBuildPhase;
			buildActionMask = 2147483647;
			files = (
				D35EB8512B3E827F009986A6 /* StepQuest_Watch_AppTests.swift in Sources */,
			);
			runOnlyForDeploymentPostprocessing = 0;
		};
		D35EB8522B3E827F009986A6 /* Sources */ = {
			isa = PBXSourcesBuildPhase;
			buildActionMask = 2147483647;
			files = (
				D35EB85B2B3E827F009986A6 /* StepQuest_Watch_AppUITests.swift in Sources */,
				D35EB85D2B3E827F009986A6 /* StepQuest_Watch_AppUITestsLaunchTests.swift in Sources */,
			);
			runOnlyForDeploymentPostprocessing = 0;
		};
		D3A5D7D42B44F6CF00C6C4CB /* Sources */ = {
			isa = PBXSourcesBuildPhase;
			buildActionMask = 2147483647;
			files = (
				D3A5D7E02B44F6CF00C6C4CB /* StepQuestWatchWidget.swift in Sources */,
			);
			runOnlyForDeploymentPostprocessing = 0;
		};
		D3A5D7EB2B44F76E00C6C4CB /* Sources */ = {
			isa = PBXSourcesBuildPhase;
			buildActionMask = 2147483647;
			files = (
				D3A5D7F42B44F76E00C6C4CB /* StepQuestiOSWidgetBundle.swift in Sources */,
				D3A5D7F62B44F76E00C6C4CB /* StepQuestiOSWidgetLiveActivity.swift in Sources */,
				D3A5D7F82B44F76E00C6C4CB /* StepQuestiOSWidget.swift in Sources */,
			);
			runOnlyForDeploymentPostprocessing = 0;
		};
/* End PBXSourcesBuildPhase section */

/* Begin PBXTargetDependency section */
		D35EB8262B3E827E009986A6 /* PBXTargetDependency */ = {
			isa = PBXTargetDependency;
			target = D35EB8132B3E827D009986A6 /* StepQuest */;
			targetProxy = D35EB8252B3E827E009986A6 /* PBXContainerItemProxy */;
		};
		D35EB8302B3E827E009986A6 /* PBXTargetDependency */ = {
			isa = PBXTargetDependency;
			target = D35EB8132B3E827D009986A6 /* StepQuest */;
			targetProxy = D35EB82F2B3E827E009986A6 /* PBXContainerItemProxy */;
		};
		D35EB83D2B3E827E009986A6 /* PBXTargetDependency */ = {
			isa = PBXTargetDependency;
			target = D35EB8392B3E827E009986A6 /* StepQuest Watch App */;
			targetProxy = D35EB83C2B3E827E009986A6 /* PBXContainerItemProxy */;
		};
		D35EB84E2B3E827F009986A6 /* PBXTargetDependency */ = {
			isa = PBXTargetDependency;
			target = D35EB8392B3E827E009986A6 /* StepQuest Watch App */;
			targetProxy = D35EB84D2B3E827F009986A6 /* PBXContainerItemProxy */;
		};
		D35EB8582B3E827F009986A6 /* PBXTargetDependency */ = {
			isa = PBXTargetDependency;
			target = D35EB8392B3E827E009986A6 /* StepQuest Watch App */;
			targetProxy = D35EB8572B3E827F009986A6 /* PBXContainerItemProxy */;
		};
		D3A5D7E52B44F6D000C6C4CB /* PBXTargetDependency */ = {
			isa = PBXTargetDependency;
			target = D3A5D7D72B44F6CF00C6C4CB /* StepQuestWatchWidgetExtension */;
			targetProxy = D3A5D7E42B44F6D000C6C4CB /* PBXContainerItemProxy */;
		};
		D3A5D7FD2B44F76F00C6C4CB /* PBXTargetDependency */ = {
			isa = PBXTargetDependency;
			target = D3A5D7EE2B44F76E00C6C4CB /* StepQuestiOSWidgetExtension */;
			targetProxy = D3A5D7FC2B44F76F00C6C4CB /* PBXContainerItemProxy */;
		};
/* End PBXTargetDependency section */

/* Begin XCBuildConfiguration section */
		D35EB85E2B3E827F009986A6 /* Debug */ = {
			isa = XCBuildConfiguration;
			buildSettings = {
				ALWAYS_SEARCH_USER_PATHS = NO;
				ASSETCATALOG_COMPILER_GENERATE_SWIFT_ASSET_SYMBOL_EXTENSIONS = YES;
				CLANG_ANALYZER_NONNULL = YES;
				CLANG_ANALYZER_NUMBER_OBJECT_CONVERSION = YES_AGGRESSIVE;
				CLANG_CXX_LANGUAGE_STANDARD = "gnu++20";
				CLANG_ENABLE_MODULES = YES;
				CLANG_ENABLE_OBJC_ARC = YES;
				CLANG_ENABLE_OBJC_WEAK = YES;
				CLANG_WARN_BLOCK_CAPTURE_AUTORELEASING = YES;
				CLANG_WARN_BOOL_CONVERSION = YES;
				CLANG_WARN_COMMA = YES;
				CLANG_WARN_CONSTANT_CONVERSION = YES;
				CLANG_WARN_DEPRECATED_OBJC_IMPLEMENTATIONS = YES;
				CLANG_WARN_DIRECT_OBJC_ISA_USAGE = YES_ERROR;
				CLANG_WARN_DOCUMENTATION_COMMENTS = YES;
				CLANG_WARN_EMPTY_BODY = YES;
				CLANG_WARN_ENUM_CONVERSION = YES;
				CLANG_WARN_INFINITE_RECURSION = YES;
				CLANG_WARN_INT_CONVERSION = YES;
				CLANG_WARN_NON_LITERAL_NULL_CONVERSION = YES;
				CLANG_WARN_OBJC_IMPLICIT_RETAIN_SELF = YES;
				CLANG_WARN_OBJC_LITERAL_CONVERSION = YES;
				CLANG_WARN_OBJC_ROOT_CLASS = YES_ERROR;
				CLANG_WARN_QUOTED_INCLUDE_IN_FRAMEWORK_HEADER = YES;
				CLANG_WARN_RANGE_LOOP_ANALYSIS = YES;
				CLANG_WARN_STRICT_PROTOTYPES = YES;
				CLANG_WARN_SUSPICIOUS_MOVE = YES;
				CLANG_WARN_UNGUARDED_AVAILABILITY = YES_AGGRESSIVE;
				CLANG_WARN_UNREACHABLE_CODE = YES;
				CLANG_WARN__DUPLICATE_METHOD_MATCH = YES;
				COPY_PHASE_STRIP = NO;
				DEBUG_INFORMATION_FORMAT = dwarf;
				ENABLE_STRICT_OBJC_MSGSEND = YES;
				ENABLE_TESTABILITY = YES;
				ENABLE_USER_SCRIPT_SANDBOXING = YES;
				GCC_C_LANGUAGE_STANDARD = gnu17;
				GCC_DYNAMIC_NO_PIC = NO;
				GCC_NO_COMMON_BLOCKS = YES;
				GCC_OPTIMIZATION_LEVEL = 0;
				GCC_PREPROCESSOR_DEFINITIONS = (
					"DEBUG=1",
					"$(inherited)",
				);
				GCC_WARN_64_TO_32_BIT_CONVERSION = YES;
				GCC_WARN_ABOUT_RETURN_TYPE = YES_ERROR;
				GCC_WARN_UNDECLARED_SELECTOR = YES;
				GCC_WARN_UNINITIALIZED_AUTOS = YES_AGGRESSIVE;
				GCC_WARN_UNUSED_FUNCTION = YES;
				GCC_WARN_UNUSED_VARIABLE = YES;
				LOCALIZATION_PREFERS_STRING_CATALOGS = YES;
				MTL_ENABLE_DEBUG_INFO = INCLUDE_SOURCE;
				MTL_FAST_MATH = YES;
				ONLY_ACTIVE_ARCH = YES;
				SWIFT_ACTIVE_COMPILATION_CONDITIONS = "DEBUG $(inherited)";
				SWIFT_OPTIMIZATION_LEVEL = "-Onone";
			};
			name = Debug;
		};
		D35EB85F2B3E827F009986A6 /* Release */ = {
			isa = XCBuildConfiguration;
			buildSettings = {
				ALWAYS_SEARCH_USER_PATHS = NO;
				ASSETCATALOG_COMPILER_GENERATE_SWIFT_ASSET_SYMBOL_EXTENSIONS = YES;
				CLANG_ANALYZER_NONNULL = YES;
				CLANG_ANALYZER_NUMBER_OBJECT_CONVERSION = YES_AGGRESSIVE;
				CLANG_CXX_LANGUAGE_STANDARD = "gnu++20";
				CLANG_ENABLE_MODULES = YES;
				CLANG_ENABLE_OBJC_ARC = YES;
				CLANG_ENABLE_OBJC_WEAK = YES;
				CLANG_WARN_BLOCK_CAPTURE_AUTORELEASING = YES;
				CLANG_WARN_BOOL_CONVERSION = YES;
				CLANG_WARN_COMMA = YES;
				CLANG_WARN_CONSTANT_CONVERSION = YES;
				CLANG_WARN_DEPRECATED_OBJC_IMPLEMENTATIONS = YES;
				CLANG_WARN_DIRECT_OBJC_ISA_USAGE = YES_ERROR;
				CLANG_WARN_DOCUMENTATION_COMMENTS = YES;
				CLANG_WARN_EMPTY_BODY = YES;
				CLANG_WARN_ENUM_CONVERSION = YES;
				CLANG_WARN_INFINITE_RECURSION = YES;
				CLANG_WARN_INT_CONVERSION = YES;
				CLANG_WARN_NON_LITERAL_NULL_CONVERSION = YES;
				CLANG_WARN_OBJC_IMPLICIT_RETAIN_SELF = YES;
				CLANG_WARN_OBJC_LITERAL_CONVERSION = YES;
				CLANG_WARN_OBJC_ROOT_CLASS = YES_ERROR;
				CLANG_WARN_QUOTED_INCLUDE_IN_FRAMEWORK_HEADER = YES;
				CLANG_WARN_RANGE_LOOP_ANALYSIS = YES;
				CLANG_WARN_STRICT_PROTOTYPES = YES;
				CLANG_WARN_SUSPICIOUS_MOVE = YES;
				CLANG_WARN_UNGUARDED_AVAILABILITY = YES_AGGRESSIVE;
				CLANG_WARN_UNREACHABLE_CODE = YES;
				CLANG_WARN__DUPLICATE_METHOD_MATCH = YES;
				COPY_PHASE_STRIP = NO;
				DEBUG_INFORMATION_FORMAT = "dwarf-with-dsym";
				ENABLE_NS_ASSERTIONS = NO;
				ENABLE_STRICT_OBJC_MSGSEND = YES;
				ENABLE_USER_SCRIPT_SANDBOXING = YES;
				GCC_C_LANGUAGE_STANDARD = gnu17;
				GCC_NO_COMMON_BLOCKS = YES;
				GCC_WARN_64_TO_32_BIT_CONVERSION = YES;
				GCC_WARN_ABOUT_RETURN_TYPE = YES_ERROR;
				GCC_WARN_UNDECLARED_SELECTOR = YES;
				GCC_WARN_UNINITIALIZED_AUTOS = YES_AGGRESSIVE;
				GCC_WARN_UNUSED_FUNCTION = YES;
				GCC_WARN_UNUSED_VARIABLE = YES;
				LOCALIZATION_PREFERS_STRING_CATALOGS = YES;
				MTL_ENABLE_DEBUG_INFO = NO;
				MTL_FAST_MATH = YES;
				SWIFT_COMPILATION_MODE = wholemodule;
			};
			name = Release;
		};
		D35EB8612B3E827F009986A6 /* Debug */ = {
			isa = XCBuildConfiguration;
			buildSettings = {
				ALWAYS_EMBED_SWIFT_STANDARD_LIBRARIES = YES;
				ASSETCATALOG_COMPILER_APPICON_NAME = AppIcon;
				ASSETCATALOG_COMPILER_GLOBAL_ACCENT_COLOR_NAME = AccentColor;
				CODE_SIGN_ENTITLEMENTS = "StepQuest Watch App/StepQuest Watch App.entitlements";
				CODE_SIGN_STYLE = Automatic;
				CURRENT_PROJECT_VERSION = 1;
				DEVELOPMENT_ASSET_PATHS = "\"StepQuest Watch App/Preview Content\"";
				DEVELOPMENT_TEAM = ZU78LZES28;
				ENABLE_PREVIEWS = YES;
				GENERATE_INFOPLIST_FILE = YES;
				INFOPLIST_KEY_CFBundleDisplayName = StepQuest;
				INFOPLIST_KEY_NSHealthClinicalHealthRecordsShareUsageDescription = "We require this to access steps data";
				INFOPLIST_KEY_NSHealthShareUsageDescription = "We require this to access steps data";
				INFOPLIST_KEY_NSHealthUpdateUsageDescription = "We require this to access steps data";
				INFOPLIST_KEY_UISupportedInterfaceOrientations = "UIInterfaceOrientationPortrait UIInterfaceOrientationPortraitUpsideDown";
				INFOPLIST_KEY_WKCompanionAppBundleIdentifier = com.dakotakim.StepQuest;
				LD_RUNPATH_SEARCH_PATHS = (
					"$(inherited)",
					"@executable_path/Frameworks",
				);
				MARKETING_VERSION = 1.0;
				PRODUCT_BUNDLE_IDENTIFIER = com.dakotakim.StepQuest.watchkitapp;
				PRODUCT_NAME = "$(TARGET_NAME)";
				SDKROOT = watchos;
				SKIP_INSTALL = YES;
				SWIFT_EMIT_LOC_STRINGS = YES;
				SWIFT_VERSION = 5.0;
				TARGETED_DEVICE_FAMILY = 4;
				WATCHOS_DEPLOYMENT_TARGET = 10.2;
			};
			name = Debug;
		};
		D35EB8622B3E827F009986A6 /* Release */ = {
			isa = XCBuildConfiguration;
			buildSettings = {
				ALWAYS_EMBED_SWIFT_STANDARD_LIBRARIES = YES;
				ASSETCATALOG_COMPILER_APPICON_NAME = AppIcon;
				ASSETCATALOG_COMPILER_GLOBAL_ACCENT_COLOR_NAME = AccentColor;
				CODE_SIGN_ENTITLEMENTS = "StepQuest Watch App/StepQuest Watch App.entitlements";
				CODE_SIGN_STYLE = Automatic;
				CURRENT_PROJECT_VERSION = 1;
				DEVELOPMENT_ASSET_PATHS = "\"StepQuest Watch App/Preview Content\"";
				DEVELOPMENT_TEAM = ZU78LZES28;
				ENABLE_PREVIEWS = YES;
				GENERATE_INFOPLIST_FILE = YES;
				INFOPLIST_KEY_CFBundleDisplayName = StepQuest;
				INFOPLIST_KEY_NSHealthClinicalHealthRecordsShareUsageDescription = "We require this to access steps data";
				INFOPLIST_KEY_NSHealthShareUsageDescription = "We require this to access steps data";
				INFOPLIST_KEY_NSHealthUpdateUsageDescription = "We require this to access steps data";
				INFOPLIST_KEY_UISupportedInterfaceOrientations = "UIInterfaceOrientationPortrait UIInterfaceOrientationPortraitUpsideDown";
				INFOPLIST_KEY_WKCompanionAppBundleIdentifier = com.dakotakim.StepQuest;
				LD_RUNPATH_SEARCH_PATHS = (
					"$(inherited)",
					"@executable_path/Frameworks",
				);
				MARKETING_VERSION = 1.0;
				PRODUCT_BUNDLE_IDENTIFIER = com.dakotakim.StepQuest.watchkitapp;
				PRODUCT_NAME = "$(TARGET_NAME)";
				SDKROOT = watchos;
				SKIP_INSTALL = YES;
				SWIFT_EMIT_LOC_STRINGS = YES;
				SWIFT_VERSION = 5.0;
				TARGETED_DEVICE_FAMILY = 4;
				VALIDATE_PRODUCT = YES;
				WATCHOS_DEPLOYMENT_TARGET = 10.2;
			};
			name = Release;
		};
		D35EB8652B3E827F009986A6 /* Debug */ = {
			isa = XCBuildConfiguration;
			buildSettings = {
				ALWAYS_EMBED_SWIFT_STANDARD_LIBRARIES = YES;
				ASSETCATALOG_COMPILER_APPICON_NAME = AppIcon;
				ASSETCATALOG_COMPILER_GLOBAL_ACCENT_COLOR_NAME = AccentColor;
				CODE_SIGN_ENTITLEMENTS = StepQuest/StepQuest.entitlements;
				CODE_SIGN_STYLE = Automatic;
				CURRENT_PROJECT_VERSION = 1;
				DEVELOPMENT_ASSET_PATHS = "\"StepQuest/Preview Content\"";
				DEVELOPMENT_TEAM = ZU78LZES28;
				ENABLE_PREVIEWS = YES;
				GENERATE_INFOPLIST_FILE = YES;
				INFOPLIST_FILE = StepQuest/Info.plist;
				INFOPLIST_KEY_CFBundleDisplayName = StepQuest;
				INFOPLIST_KEY_NSHealthShareUsageDescription = "USE TO ACCESS STEPS.";
				INFOPLIST_KEY_NSHealthUpdateUsageDescription = "USE TO ACCEPT STEPS UPDATES";
				INFOPLIST_KEY_UIApplicationSceneManifest_Generation = YES;
				INFOPLIST_KEY_UIApplicationSupportsIndirectInputEvents = YES;
				INFOPLIST_KEY_UILaunchScreen_Generation = YES;
				INFOPLIST_KEY_UISupportedInterfaceOrientations_iPad = "UIInterfaceOrientationPortrait UIInterfaceOrientationPortraitUpsideDown UIInterfaceOrientationLandscapeLeft UIInterfaceOrientationLandscapeRight";
				INFOPLIST_KEY_UISupportedInterfaceOrientations_iPhone = "UIInterfaceOrientationPortrait UIInterfaceOrientationLandscapeLeft UIInterfaceOrientationLandscapeRight";
				IPHONEOS_DEPLOYMENT_TARGET = 17.2;
				LD_RUNPATH_SEARCH_PATHS = (
					"$(inherited)",
					"@executable_path/Frameworks",
				);
				MARKETING_VERSION = 1.0;
				PRODUCT_BUNDLE_IDENTIFIER = com.dakotakim.StepQuest;
				PRODUCT_NAME = "$(TARGET_NAME)";
				SDKROOT = iphoneos;
				SWIFT_EMIT_LOC_STRINGS = YES;
				SWIFT_VERSION = 5.0;
				TARGETED_DEVICE_FAMILY = "1,2";
			};
			name = Debug;
		};
		D35EB8662B3E827F009986A6 /* Release */ = {
			isa = XCBuildConfiguration;
			buildSettings = {
				ALWAYS_EMBED_SWIFT_STANDARD_LIBRARIES = YES;
				ASSETCATALOG_COMPILER_APPICON_NAME = AppIcon;
				ASSETCATALOG_COMPILER_GLOBAL_ACCENT_COLOR_NAME = AccentColor;
				CODE_SIGN_ENTITLEMENTS = StepQuest/StepQuest.entitlements;
				CODE_SIGN_STYLE = Automatic;
				CURRENT_PROJECT_VERSION = 1;
				DEVELOPMENT_ASSET_PATHS = "\"StepQuest/Preview Content\"";
				DEVELOPMENT_TEAM = ZU78LZES28;
				ENABLE_PREVIEWS = YES;
				GENERATE_INFOPLIST_FILE = YES;
				INFOPLIST_FILE = StepQuest/Info.plist;
				INFOPLIST_KEY_CFBundleDisplayName = StepQuest;
				INFOPLIST_KEY_NSHealthShareUsageDescription = "USE TO ACCESS STEPS.";
				INFOPLIST_KEY_NSHealthUpdateUsageDescription = "USE TO ACCEPT STEPS UPDATES";
				INFOPLIST_KEY_UIApplicationSceneManifest_Generation = YES;
				INFOPLIST_KEY_UIApplicationSupportsIndirectInputEvents = YES;
				INFOPLIST_KEY_UILaunchScreen_Generation = YES;
				INFOPLIST_KEY_UISupportedInterfaceOrientations_iPad = "UIInterfaceOrientationPortrait UIInterfaceOrientationPortraitUpsideDown UIInterfaceOrientationLandscapeLeft UIInterfaceOrientationLandscapeRight";
				INFOPLIST_KEY_UISupportedInterfaceOrientations_iPhone = "UIInterfaceOrientationPortrait UIInterfaceOrientationLandscapeLeft UIInterfaceOrientationLandscapeRight";
				IPHONEOS_DEPLOYMENT_TARGET = 17.2;
				LD_RUNPATH_SEARCH_PATHS = (
					"$(inherited)",
					"@executable_path/Frameworks",
				);
				MARKETING_VERSION = 1.0;
				PRODUCT_BUNDLE_IDENTIFIER = com.dakotakim.StepQuest;
				PRODUCT_NAME = "$(TARGET_NAME)";
				SDKROOT = iphoneos;
				SWIFT_EMIT_LOC_STRINGS = YES;
				SWIFT_VERSION = 5.0;
				TARGETED_DEVICE_FAMILY = "1,2";
				VALIDATE_PRODUCT = YES;
			};
			name = Release;
		};
		D35EB8682B3E827F009986A6 /* Debug */ = {
			isa = XCBuildConfiguration;
			buildSettings = {
				ALWAYS_EMBED_SWIFT_STANDARD_LIBRARIES = YES;
				BUNDLE_LOADER = "$(TEST_HOST)";
				CODE_SIGN_STYLE = Automatic;
				CURRENT_PROJECT_VERSION = 1;
				DEVELOPMENT_TEAM = ZU78LZES28;
				GENERATE_INFOPLIST_FILE = YES;
				IPHONEOS_DEPLOYMENT_TARGET = 17.2;
				MARKETING_VERSION = 1.0;
				PRODUCT_BUNDLE_IDENTIFIER = com.dakotakim.StepQuestTests;
				PRODUCT_NAME = "$(TARGET_NAME)";
				SDKROOT = iphoneos;
				SWIFT_EMIT_LOC_STRINGS = NO;
				SWIFT_VERSION = 5.0;
				TARGETED_DEVICE_FAMILY = "1,2";
				TEST_HOST = "$(BUILT_PRODUCTS_DIR)/StepQuest.app/$(BUNDLE_EXECUTABLE_FOLDER_PATH)/StepQuest";
			};
			name = Debug;
		};
		D35EB8692B3E827F009986A6 /* Release */ = {
			isa = XCBuildConfiguration;
			buildSettings = {
				ALWAYS_EMBED_SWIFT_STANDARD_LIBRARIES = YES;
				BUNDLE_LOADER = "$(TEST_HOST)";
				CODE_SIGN_STYLE = Automatic;
				CURRENT_PROJECT_VERSION = 1;
				DEVELOPMENT_TEAM = ZU78LZES28;
				GENERATE_INFOPLIST_FILE = YES;
				IPHONEOS_DEPLOYMENT_TARGET = 17.2;
				MARKETING_VERSION = 1.0;
				PRODUCT_BUNDLE_IDENTIFIER = com.dakotakim.StepQuestTests;
				PRODUCT_NAME = "$(TARGET_NAME)";
				SDKROOT = iphoneos;
				SWIFT_EMIT_LOC_STRINGS = NO;
				SWIFT_VERSION = 5.0;
				TARGETED_DEVICE_FAMILY = "1,2";
				TEST_HOST = "$(BUILT_PRODUCTS_DIR)/StepQuest.app/$(BUNDLE_EXECUTABLE_FOLDER_PATH)/StepQuest";
				VALIDATE_PRODUCT = YES;
			};
			name = Release;
		};
		D35EB86B2B3E827F009986A6 /* Debug */ = {
			isa = XCBuildConfiguration;
			buildSettings = {
				ALWAYS_EMBED_SWIFT_STANDARD_LIBRARIES = YES;
				CODE_SIGN_STYLE = Automatic;
				CURRENT_PROJECT_VERSION = 1;
				DEVELOPMENT_TEAM = ZU78LZES28;
				GENERATE_INFOPLIST_FILE = YES;
				IPHONEOS_DEPLOYMENT_TARGET = 17.2;
				MARKETING_VERSION = 1.0;
				PRODUCT_BUNDLE_IDENTIFIER = com.dakotakim.StepQuestUITests;
				PRODUCT_NAME = "$(TARGET_NAME)";
				SDKROOT = iphoneos;
				SWIFT_EMIT_LOC_STRINGS = NO;
				SWIFT_VERSION = 5.0;
				TARGETED_DEVICE_FAMILY = "1,2";
				TEST_TARGET_NAME = StepQuest;
			};
			name = Debug;
		};
		D35EB86C2B3E827F009986A6 /* Release */ = {
			isa = XCBuildConfiguration;
			buildSettings = {
				ALWAYS_EMBED_SWIFT_STANDARD_LIBRARIES = YES;
				CODE_SIGN_STYLE = Automatic;
				CURRENT_PROJECT_VERSION = 1;
				DEVELOPMENT_TEAM = ZU78LZES28;
				GENERATE_INFOPLIST_FILE = YES;
				IPHONEOS_DEPLOYMENT_TARGET = 17.2;
				MARKETING_VERSION = 1.0;
				PRODUCT_BUNDLE_IDENTIFIER = com.dakotakim.StepQuestUITests;
				PRODUCT_NAME = "$(TARGET_NAME)";
				SDKROOT = iphoneos;
				SWIFT_EMIT_LOC_STRINGS = NO;
				SWIFT_VERSION = 5.0;
				TARGETED_DEVICE_FAMILY = "1,2";
				TEST_TARGET_NAME = StepQuest;
				VALIDATE_PRODUCT = YES;
			};
			name = Release;
		};
		D35EB86E2B3E827F009986A6 /* Debug */ = {
			isa = XCBuildConfiguration;
			buildSettings = {
				ALWAYS_EMBED_SWIFT_STANDARD_LIBRARIES = YES;
				BUNDLE_LOADER = "$(TEST_HOST)";
				CODE_SIGN_STYLE = Automatic;
				CURRENT_PROJECT_VERSION = 1;
				DEVELOPMENT_TEAM = ZU78LZES28;
				GENERATE_INFOPLIST_FILE = YES;
				MARKETING_VERSION = 1.0;
				PRODUCT_BUNDLE_IDENTIFIER = "com.dakotakim.StepQuest-Watch-AppTests";
				PRODUCT_NAME = "$(TARGET_NAME)";
				SDKROOT = watchos;
				SWIFT_EMIT_LOC_STRINGS = NO;
				SWIFT_VERSION = 5.0;
				TARGETED_DEVICE_FAMILY = 4;
				TEST_HOST = "$(BUILT_PRODUCTS_DIR)/StepQuest Watch App.app/$(BUNDLE_EXECUTABLE_FOLDER_PATH)/StepQuest Watch App";
				WATCHOS_DEPLOYMENT_TARGET = 10.2;
			};
			name = Debug;
		};
		D35EB86F2B3E827F009986A6 /* Release */ = {
			isa = XCBuildConfiguration;
			buildSettings = {
				ALWAYS_EMBED_SWIFT_STANDARD_LIBRARIES = YES;
				BUNDLE_LOADER = "$(TEST_HOST)";
				CODE_SIGN_STYLE = Automatic;
				CURRENT_PROJECT_VERSION = 1;
				DEVELOPMENT_TEAM = ZU78LZES28;
				GENERATE_INFOPLIST_FILE = YES;
				MARKETING_VERSION = 1.0;
				PRODUCT_BUNDLE_IDENTIFIER = "com.dakotakim.StepQuest-Watch-AppTests";
				PRODUCT_NAME = "$(TARGET_NAME)";
				SDKROOT = watchos;
				SWIFT_EMIT_LOC_STRINGS = NO;
				SWIFT_VERSION = 5.0;
				TARGETED_DEVICE_FAMILY = 4;
				TEST_HOST = "$(BUILT_PRODUCTS_DIR)/StepQuest Watch App.app/$(BUNDLE_EXECUTABLE_FOLDER_PATH)/StepQuest Watch App";
				VALIDATE_PRODUCT = YES;
				WATCHOS_DEPLOYMENT_TARGET = 10.2;
			};
			name = Release;
		};
		D35EB8712B3E827F009986A6 /* Debug */ = {
			isa = XCBuildConfiguration;
			buildSettings = {
				ALWAYS_EMBED_SWIFT_STANDARD_LIBRARIES = YES;
				CODE_SIGN_STYLE = Automatic;
				CURRENT_PROJECT_VERSION = 1;
				DEVELOPMENT_TEAM = ZU78LZES28;
				GENERATE_INFOPLIST_FILE = YES;
				MARKETING_VERSION = 1.0;
				PRODUCT_BUNDLE_IDENTIFIER = "com.dakotakim.StepQuest-Watch-AppUITests";
				PRODUCT_NAME = "$(TARGET_NAME)";
				SDKROOT = watchos;
				SWIFT_EMIT_LOC_STRINGS = NO;
				SWIFT_VERSION = 5.0;
				TARGETED_DEVICE_FAMILY = 4;
				TEST_TARGET_NAME = "StepQuest Watch App";
				WATCHOS_DEPLOYMENT_TARGET = 10.2;
			};
			name = Debug;
		};
		D35EB8722B3E827F009986A6 /* Release */ = {
			isa = XCBuildConfiguration;
			buildSettings = {
				ALWAYS_EMBED_SWIFT_STANDARD_LIBRARIES = YES;
				CODE_SIGN_STYLE = Automatic;
				CURRENT_PROJECT_VERSION = 1;
				DEVELOPMENT_TEAM = ZU78LZES28;
				GENERATE_INFOPLIST_FILE = YES;
				MARKETING_VERSION = 1.0;
				PRODUCT_BUNDLE_IDENTIFIER = "com.dakotakim.StepQuest-Watch-AppUITests";
				PRODUCT_NAME = "$(TARGET_NAME)";
				SDKROOT = watchos;
				SWIFT_EMIT_LOC_STRINGS = NO;
				SWIFT_VERSION = 5.0;
				TARGETED_DEVICE_FAMILY = 4;
				TEST_TARGET_NAME = "StepQuest Watch App";
				VALIDATE_PRODUCT = YES;
				WATCHOS_DEPLOYMENT_TARGET = 10.2;
			};
			name = Release;
		};
		D3A5D7E82B44F6D000C6C4CB /* Debug */ = {
			isa = XCBuildConfiguration;
			buildSettings = {
				ASSETCATALOG_COMPILER_GLOBAL_ACCENT_COLOR_NAME = AccentColor;
				ASSETCATALOG_COMPILER_WIDGET_BACKGROUND_COLOR_NAME = WidgetBackground;
				CODE_SIGN_ENTITLEMENTS = StepQuestWatchWidgetExtension.entitlements;
				CODE_SIGN_STYLE = Automatic;
				CURRENT_PROJECT_VERSION = 1;
				DEVELOPMENT_TEAM = ZU78LZES28;
				GENERATE_INFOPLIST_FILE = YES;
				INFOPLIST_FILE = StepQuestWatchWidget/Info.plist;
				INFOPLIST_KEY_CFBundleDisplayName = StepQuestWatchWidget;
				INFOPLIST_KEY_NSHumanReadableCopyright = "";
				LD_RUNPATH_SEARCH_PATHS = (
					"$(inherited)",
					"@executable_path/Frameworks",
					"@executable_path/../../Frameworks",
					"@executable_path/../../../../Frameworks",
				);
				MARKETING_VERSION = 1.0;
				PRODUCT_BUNDLE_IDENTIFIER = com.dakotakim.StepQuest.watchkitapp.StepQuestWatchWidget;
				PRODUCT_NAME = "$(TARGET_NAME)";
				SDKROOT = watchos;
				SKIP_INSTALL = YES;
				SWIFT_EMIT_LOC_STRINGS = YES;
				SWIFT_VERSION = 5.0;
				TARGETED_DEVICE_FAMILY = 4;
				WATCHOS_DEPLOYMENT_TARGET = 10.2;
			};
			name = Debug;
		};
		D3A5D7E92B44F6D000C6C4CB /* Release */ = {
			isa = XCBuildConfiguration;
			buildSettings = {
				ASSETCATALOG_COMPILER_GLOBAL_ACCENT_COLOR_NAME = AccentColor;
				ASSETCATALOG_COMPILER_WIDGET_BACKGROUND_COLOR_NAME = WidgetBackground;
				CODE_SIGN_ENTITLEMENTS = StepQuestWatchWidgetExtension.entitlements;
				CODE_SIGN_STYLE = Automatic;
				CURRENT_PROJECT_VERSION = 1;
				DEVELOPMENT_TEAM = ZU78LZES28;
				GENERATE_INFOPLIST_FILE = YES;
				INFOPLIST_FILE = StepQuestWatchWidget/Info.plist;
				INFOPLIST_KEY_CFBundleDisplayName = StepQuestWatchWidget;
				INFOPLIST_KEY_NSHumanReadableCopyright = "";
				LD_RUNPATH_SEARCH_PATHS = (
					"$(inherited)",
					"@executable_path/Frameworks",
					"@executable_path/../../Frameworks",
					"@executable_path/../../../../Frameworks",
				);
				MARKETING_VERSION = 1.0;
				PRODUCT_BUNDLE_IDENTIFIER = com.dakotakim.StepQuest.watchkitapp.StepQuestWatchWidget;
				PRODUCT_NAME = "$(TARGET_NAME)";
				SDKROOT = watchos;
				SKIP_INSTALL = YES;
				SWIFT_EMIT_LOC_STRINGS = YES;
				SWIFT_VERSION = 5.0;
				TARGETED_DEVICE_FAMILY = 4;
				VALIDATE_PRODUCT = YES;
				WATCHOS_DEPLOYMENT_TARGET = 10.2;
			};
			name = Release;
		};
		D3A5D8002B44F76F00C6C4CB /* Debug */ = {
			isa = XCBuildConfiguration;
			buildSettings = {
				ASSETCATALOG_COMPILER_GLOBAL_ACCENT_COLOR_NAME = AccentColor;
				ASSETCATALOG_COMPILER_WIDGET_BACKGROUND_COLOR_NAME = WidgetBackground;
				CODE_SIGN_STYLE = Automatic;
				CURRENT_PROJECT_VERSION = 1;
				DEVELOPMENT_TEAM = ZU78LZES28;
				GENERATE_INFOPLIST_FILE = YES;
				INFOPLIST_FILE = StepQuestiOSWidget/Info.plist;
				INFOPLIST_KEY_CFBundleDisplayName = StepQuestiOSWidget;
				INFOPLIST_KEY_NSHumanReadableCopyright = "";
				IPHONEOS_DEPLOYMENT_TARGET = 17.2;
				LD_RUNPATH_SEARCH_PATHS = (
					"$(inherited)",
					"@executable_path/Frameworks",
					"@executable_path/../../Frameworks",
				);
				MARKETING_VERSION = 1.0;
				PRODUCT_BUNDLE_IDENTIFIER = com.dakotakim.StepQuest.StepQuestiOSWidget;
				PRODUCT_NAME = "$(TARGET_NAME)";
				SDKROOT = iphoneos;
				SKIP_INSTALL = YES;
				SWIFT_EMIT_LOC_STRINGS = YES;
				SWIFT_VERSION = 5.0;
				TARGETED_DEVICE_FAMILY = "1,2";
			};
			name = Debug;
		};
		D3A5D8012B44F76F00C6C4CB /* Release */ = {
			isa = XCBuildConfiguration;
			buildSettings = {
				ASSETCATALOG_COMPILER_GLOBAL_ACCENT_COLOR_NAME = AccentColor;
				ASSETCATALOG_COMPILER_WIDGET_BACKGROUND_COLOR_NAME = WidgetBackground;
				CODE_SIGN_STYLE = Automatic;
				CURRENT_PROJECT_VERSION = 1;
				DEVELOPMENT_TEAM = ZU78LZES28;
				GENERATE_INFOPLIST_FILE = YES;
				INFOPLIST_FILE = StepQuestiOSWidget/Info.plist;
				INFOPLIST_KEY_CFBundleDisplayName = StepQuestiOSWidget;
				INFOPLIST_KEY_NSHumanReadableCopyright = "";
				IPHONEOS_DEPLOYMENT_TARGET = 17.2;
				LD_RUNPATH_SEARCH_PATHS = (
					"$(inherited)",
					"@executable_path/Frameworks",
					"@executable_path/../../Frameworks",
				);
				MARKETING_VERSION = 1.0;
				PRODUCT_BUNDLE_IDENTIFIER = com.dakotakim.StepQuest.StepQuestiOSWidget;
				PRODUCT_NAME = "$(TARGET_NAME)";
				SDKROOT = iphoneos;
				SKIP_INSTALL = YES;
				SWIFT_EMIT_LOC_STRINGS = YES;
				SWIFT_VERSION = 5.0;
				TARGETED_DEVICE_FAMILY = "1,2";
				VALIDATE_PRODUCT = YES;
			};
			name = Release;
		};
/* End XCBuildConfiguration section */

/* Begin XCConfigurationList section */
		D35EB80F2B3E827D009986A6 /* Build configuration list for PBXProject "StepQuest" */ = {
			isa = XCConfigurationList;
			buildConfigurations = (
				D35EB85E2B3E827F009986A6 /* Debug */,
				D35EB85F2B3E827F009986A6 /* Release */,
			);
			defaultConfigurationIsVisible = 0;
			defaultConfigurationName = Release;
		};
		D35EB8602B3E827F009986A6 /* Build configuration list for PBXNativeTarget "StepQuest Watch App" */ = {
			isa = XCConfigurationList;
			buildConfigurations = (
				D35EB8612B3E827F009986A6 /* Debug */,
				D35EB8622B3E827F009986A6 /* Release */,
			);
			defaultConfigurationIsVisible = 0;
			defaultConfigurationName = Release;
		};
		D35EB8642B3E827F009986A6 /* Build configuration list for PBXNativeTarget "StepQuest" */ = {
			isa = XCConfigurationList;
			buildConfigurations = (
				D35EB8652B3E827F009986A6 /* Debug */,
				D35EB8662B3E827F009986A6 /* Release */,
			);
			defaultConfigurationIsVisible = 0;
			defaultConfigurationName = Release;
		};
		D35EB8672B3E827F009986A6 /* Build configuration list for PBXNativeTarget "StepQuestTests" */ = {
			isa = XCConfigurationList;
			buildConfigurations = (
				D35EB8682B3E827F009986A6 /* Debug */,
				D35EB8692B3E827F009986A6 /* Release */,
			);
			defaultConfigurationIsVisible = 0;
			defaultConfigurationName = Release;
		};
		D35EB86A2B3E827F009986A6 /* Build configuration list for PBXNativeTarget "StepQuestUITests" */ = {
			isa = XCConfigurationList;
			buildConfigurations = (
				D35EB86B2B3E827F009986A6 /* Debug */,
				D35EB86C2B3E827F009986A6 /* Release */,
			);
			defaultConfigurationIsVisible = 0;
			defaultConfigurationName = Release;
		};
		D35EB86D2B3E827F009986A6 /* Build configuration list for PBXNativeTarget "StepQuest Watch AppTests" */ = {
			isa = XCConfigurationList;
			buildConfigurations = (
				D35EB86E2B3E827F009986A6 /* Debug */,
				D35EB86F2B3E827F009986A6 /* Release */,
			);
			defaultConfigurationIsVisible = 0;
			defaultConfigurationName = Release;
		};
		D35EB8702B3E827F009986A6 /* Build configuration list for PBXNativeTarget "StepQuest Watch AppUITests" */ = {
			isa = XCConfigurationList;
			buildConfigurations = (
				D35EB8712B3E827F009986A6 /* Debug */,
				D35EB8722B3E827F009986A6 /* Release */,
			);
			defaultConfigurationIsVisible = 0;
			defaultConfigurationName = Release;
		};
		D3A5D7EA2B44F6D000C6C4CB /* Build configuration list for PBXNativeTarget "StepQuestWatchWidgetExtension" */ = {
			isa = XCConfigurationList;
			buildConfigurations = (
				D3A5D7E82B44F6D000C6C4CB /* Debug */,
				D3A5D7E92B44F6D000C6C4CB /* Release */,
			);
			defaultConfigurationIsVisible = 0;
			defaultConfigurationName = Release;
		};
		D3A5D7FF2B44F76F00C6C4CB /* Build configuration list for PBXNativeTarget "StepQuestiOSWidgetExtension" */ = {
			isa = XCConfigurationList;
			buildConfigurations = (
				D3A5D8002B44F76F00C6C4CB /* Debug */,
				D3A5D8012B44F76F00C6C4CB /* Release */,
			);
			defaultConfigurationIsVisible = 0;
			defaultConfigurationName = Release;
		};
/* End XCConfigurationList section */
	};
	rootObject = D35EB80C2B3E827D009986A6 /* Project object */;
}
